
Microsoft Visual Studio Solution File, Format Version 12.00
Project("{FAE04EC0-301F-11D3-BF4B-00C04F79EFBC}") = "Tranga", ".\Tranga\Tranga.csproj", "{545E81B9-D96B-4C8F-A97F-2C02414DE566}"
EndProject
Project("{FAE04EC0-301F-11D3-BF4B-00C04F79EFBC}") = "API", "API\API.csproj", "{FB6EF1E6-C37D-4E1B-A0A4-81B058A7D221}"
EndProject
Project("{FAE04EC0-301F-11D3-BF4B-00C04F79EFBC}") = "JobWorker", "JobWorker\JobWorker.csproj", "{38CDA007-DCCC-4A42-BB2E-A99B8B1A24C6}"
EndProject
Global
	GlobalSection(SolutionConfigurationPlatforms) = preSolution
		Debug|Any CPU = Debug|Any CPU
		Release|Any CPU = Release|Any CPU
	EndGlobalSection
	GlobalSection(ProjectConfigurationPlatforms) = postSolution
		{545E81B9-D96B-4C8F-A97F-2C02414DE566}.Debug|Any CPU.ActiveCfg = Debug|Any CPU
		{545E81B9-D96B-4C8F-A97F-2C02414DE566}.Debug|Any CPU.Build.0 = Debug|Any CPU
		{545E81B9-D96B-4C8F-A97F-2C02414DE566}.Release|Any CPU.ActiveCfg = Release|Any CPU
		{545E81B9-D96B-4C8F-A97F-2C02414DE566}.Release|Any CPU.Build.0 = Release|Any CPU
		{FB6EF1E6-C37D-4E1B-A0A4-81B058A7D221}.Debug|Any CPU.ActiveCfg = Debug|Any CPU
		{FB6EF1E6-C37D-4E1B-A0A4-81B058A7D221}.Debug|Any CPU.Build.0 = Debug|Any CPU
		{FB6EF1E6-C37D-4E1B-A0A4-81B058A7D221}.Release|Any CPU.ActiveCfg = Release|Any CPU
		{FB6EF1E6-C37D-4E1B-A0A4-81B058A7D221}.Release|Any CPU.Build.0 = Release|Any CPU
		{38CDA007-DCCC-4A42-BB2E-A99B8B1A24C6}.Debug|Any CPU.ActiveCfg = Debug|Any CPU
		{38CDA007-DCCC-4A42-BB2E-A99B8B1A24C6}.Debug|Any CPU.Build.0 = Debug|Any CPU
		{38CDA007-DCCC-4A42-BB2E-A99B8B1A24C6}.Release|Any CPU.ActiveCfg = Release|Any CPU
		{38CDA007-DCCC-4A42-BB2E-A99B8B1A24C6}.Release|Any CPU.Build.0 = Release|Any CPU
	EndGlobalSection
EndGlobal
